
Microsoft Visual Studio Solution File, Format Version 12.00
# Visual Studio Version 17
VisualStudioVersion = 17.14.36401.2
MinimumVisualStudioVersion = 10.0.40219.1
Project("{FAE04EC0-301F-11D3-BF4B-00C04F79EFBC}") = "CsTestMethods", "..\ReferenceLibraries\CsTestMethods\CsTestMethods.csproj", "{9C43DF17-78B4-454D-9A68-82CD7ED42FA7}"
EndProject
Project("{FAE04EC0-301F-11D3-BF4B-00C04F79EFBC}") = "CsraTestMethods", "..\ReferenceLibraries\CsraTestMethods\CsraTestMethods.csproj", "{6EDF3F6D-9904-4E75-A6FA-74482CB3728E}"
EndProject
Project("{FAE04EC0-301F-11D3-BF4B-00C04F79EFBC}") = "Csra", "..\Core\Csra\Csra.csproj", "{4FE204B3-E1AB-445D-9B34-0A6BC9A7EF0C}"
EndProject
Project("{FAE04EC0-301F-11D3-BF4B-00C04F79EFBC}") = "Tol", "..\Core\Tol\Tol.csproj", "{BB3C777C-F238-4BB8-BC27-D0C0E17B6338}"
EndProject
Project("{FAE04EC0-301F-11D3-BF4B-00C04F79EFBC}") = "UnitTestExample", "..\ReferenceLibraries\UnitTests\UnitTestExample.csproj", "{34A9E154-3722-4CFD-9FB1-9BAD2939A5C4}"
EndProject
Project("{2150E333-8FDC-42A3-9474-1A3956D46DE8}") = "Core", "Core", "{02EA681E-C7D8-13C7-8484-4AC65E1B71E8}"
EndProject
Project("{2150E333-8FDC-42A3-9474-1A3956D46DE8}") = "Examples", "Examples", "{B95EDEC2-E01E-4A9D-BB3B-A07E0AE2D7DA}"
EndProject
Project("{FAE04EC0-301F-11D3-BF4B-00C04F79EFBC}") = "SOC123", "SOC123\SOC123.csproj", "{D51D3666-B149-4E12-9373-AF4D391130C5}"
EndProject
Project("{FAE04EC0-301F-11D3-BF4B-00C04F79EFBC}") = "PortBridgeUtils", "..\ReferenceLibraries\PortBridge\PortBridgeUtils\PortBridgeUtils.csproj", "{B7741281-47A0-45B7-8627-B05A3C771AEE}"
EndProject
Project("{FAE04EC0-301F-11D3-BF4B-00C04F79EFBC}") = "Demo_PB", "..\ReferenceLibraries\PortBridge\Demo_PB\Demo_PB.csproj", "{1FBC305D-9BC5-47B5-8D4F-275E1EC2C793}"
EndProject
Global
	GlobalSection(SolutionConfigurationPlatforms) = preSolution
		Build|Any CPU = Build|Any CPU
		Build|x86 = Build|x86
		Debug|Any CPU = Debug|Any CPU
		Debug|x86 = Debug|x86
		Release|Any CPU = Release|Any CPU
		Release|x86 = Release|x86
	EndGlobalSection
	GlobalSection(ProjectConfigurationPlatforms) = postSolution
		{9C43DF17-78B4-454D-9A68-82CD7ED42FA7}.Build|Any CPU.ActiveCfg = Debug|Any CPU
		{9C43DF17-78B4-454D-9A68-82CD7ED42FA7}.Build|Any CPU.Build.0 = Debug|Any CPU
		{9C43DF17-78B4-454D-9A68-82CD7ED42FA7}.Build|x86.ActiveCfg = Debug|Any CPU
		{9C43DF17-78B4-454D-9A68-82CD7ED42FA7}.Build|x86.Build.0 = Debug|Any CPU
		{9C43DF17-78B4-454D-9A68-82CD7ED42FA7}.Debug|Any CPU.ActiveCfg = Debug|Any CPU
		{9C43DF17-78B4-454D-9A68-82CD7ED42FA7}.Debug|Any CPU.Build.0 = Debug|Any CPU
		{9C43DF17-78B4-454D-9A68-82CD7ED42FA7}.Debug|x86.ActiveCfg = Debug|Any CPU
		{9C43DF17-78B4-454D-9A68-82CD7ED42FA7}.Debug|x86.Build.0 = Debug|Any CPU
		{9C43DF17-78B4-454D-9A68-82CD7ED42FA7}.Release|Any CPU.ActiveCfg = Release|Any CPU
		{9C43DF17-78B4-454D-9A68-82CD7ED42FA7}.Release|Any CPU.Build.0 = Release|Any CPU
		{9C43DF17-78B4-454D-9A68-82CD7ED42FA7}.Release|x86.ActiveCfg = Release|Any CPU
		{9C43DF17-78B4-454D-9A68-82CD7ED42FA7}.Release|x86.Build.0 = Release|Any CPU
		{6EDF3F6D-9904-4E75-A6FA-74482CB3728E}.Build|Any CPU.ActiveCfg = Debug|Any CPU
		{6EDF3F6D-9904-4E75-A6FA-74482CB3728E}.Build|Any CPU.Build.0 = Debug|Any CPU
		{6EDF3F6D-9904-4E75-A6FA-74482CB3728E}.Build|x86.ActiveCfg = Debug|Any CPU
		{6EDF3F6D-9904-4E75-A6FA-74482CB3728E}.Build|x86.Build.0 = Debug|Any CPU
		{6EDF3F6D-9904-4E75-A6FA-74482CB3728E}.Debug|Any CPU.ActiveCfg = Debug|Any CPU
		{6EDF3F6D-9904-4E75-A6FA-74482CB3728E}.Debug|Any CPU.Build.0 = Debug|Any CPU
		{6EDF3F6D-9904-4E75-A6FA-74482CB3728E}.Debug|x86.ActiveCfg = Debug|Any CPU
		{6EDF3F6D-9904-4E75-A6FA-74482CB3728E}.Debug|x86.Build.0 = Debug|Any CPU
		{6EDF3F6D-9904-4E75-A6FA-74482CB3728E}.Release|Any CPU.ActiveCfg = Release|Any CPU
		{6EDF3F6D-9904-4E75-A6FA-74482CB3728E}.Release|Any CPU.Build.0 = Release|Any CPU
		{6EDF3F6D-9904-4E75-A6FA-74482CB3728E}.Release|x86.ActiveCfg = Release|Any CPU
		{6EDF3F6D-9904-4E75-A6FA-74482CB3728E}.Release|x86.Build.0 = Release|Any CPU
		{4FE204B3-E1AB-445D-9B34-0A6BC9A7EF0C}.Build|Any CPU.ActiveCfg = Debug|Any CPU
		{4FE204B3-E1AB-445D-9B34-0A6BC9A7EF0C}.Build|Any CPU.Build.0 = Debug|Any CPU
		{4FE204B3-E1AB-445D-9B34-0A6BC9A7EF0C}.Build|x86.ActiveCfg = Debug|Any CPU
		{4FE204B3-E1AB-445D-9B34-0A6BC9A7EF0C}.Build|x86.Build.0 = Debug|Any CPU
		{4FE204B3-E1AB-445D-9B34-0A6BC9A7EF0C}.Debug|Any CPU.ActiveCfg = Debug|Any CPU
		{4FE204B3-E1AB-445D-9B34-0A6BC9A7EF0C}.Debug|Any CPU.Build.0 = Debug|Any CPU
		{4FE204B3-E1AB-445D-9B34-0A6BC9A7EF0C}.Debug|x86.ActiveCfg = Debug|Any CPU
		{4FE204B3-E1AB-445D-9B34-0A6BC9A7EF0C}.Debug|x86.Build.0 = Debug|Any CPU
		{4FE204B3-E1AB-445D-9B34-0A6BC9A7EF0C}.Release|Any CPU.ActiveCfg = Release|Any CPU
		{4FE204B3-E1AB-445D-9B34-0A6BC9A7EF0C}.Release|Any CPU.Build.0 = Release|Any CPU
		{4FE204B3-E1AB-445D-9B34-0A6BC9A7EF0C}.Release|x86.ActiveCfg = Release|Any CPU
		{4FE204B3-E1AB-445D-9B34-0A6BC9A7EF0C}.Release|x86.Build.0 = Release|Any CPU
		{BB3C777C-F238-4BB8-BC27-D0C0E17B6338}.Build|Any CPU.ActiveCfg = Debug|Any CPU
		{BB3C777C-F238-4BB8-BC27-D0C0E17B6338}.Build|Any CPU.Build.0 = Debug|Any CPU
		{BB3C777C-F238-4BB8-BC27-D0C0E17B6338}.Build|x86.ActiveCfg = Debug|Any CPU
		{BB3C777C-F238-4BB8-BC27-D0C0E17B6338}.Build|x86.Build.0 = Debug|Any CPU
		{BB3C777C-F238-4BB8-BC27-D0C0E17B6338}.Debug|Any CPU.ActiveCfg = Debug|Any CPU
		{BB3C777C-F238-4BB8-BC27-D0C0E17B6338}.Debug|Any CPU.Build.0 = Debug|Any CPU
		{BB3C777C-F238-4BB8-BC27-D0C0E17B6338}.Debug|x86.ActiveCfg = Debug|Any CPU
		{BB3C777C-F238-4BB8-BC27-D0C0E17B6338}.Debug|x86.Build.0 = Debug|Any CPU
		{BB3C777C-F238-4BB8-BC27-D0C0E17B6338}.Release|Any CPU.ActiveCfg = Release|Any CPU
		{BB3C777C-F238-4BB8-BC27-D0C0E17B6338}.Release|Any CPU.Build.0 = Release|Any CPU
		{BB3C777C-F238-4BB8-BC27-D0C0E17B6338}.Release|x86.ActiveCfg = Release|Any CPU
		{BB3C777C-F238-4BB8-BC27-D0C0E17B6338}.Release|x86.Build.0 = Release|Any CPU
		{34A9E154-3722-4CFD-9FB1-9BAD2939A5C4}.Build|Any CPU.ActiveCfg = Debug|Any CPU
		{34A9E154-3722-4CFD-9FB1-9BAD2939A5C4}.Build|Any CPU.Build.0 = Debug|Any CPU
		{34A9E154-3722-4CFD-9FB1-9BAD2939A5C4}.Build|x86.ActiveCfg = Debug|Any CPU
		{34A9E154-3722-4CFD-9FB1-9BAD2939A5C4}.Build|x86.Build.0 = Debug|Any CPU
		{34A9E154-3722-4CFD-9FB1-9BAD2939A5C4}.Debug|Any CPU.ActiveCfg = Debug|Any CPU
		{34A9E154-3722-4CFD-9FB1-9BAD2939A5C4}.Debug|Any CPU.Build.0 = Debug|Any CPU
		{34A9E154-3722-4CFD-9FB1-9BAD2939A5C4}.Debug|x86.ActiveCfg = Debug|Any CPU
		{34A9E154-3722-4CFD-9FB1-9BAD2939A5C4}.Debug|x86.Build.0 = Debug|Any CPU
		{34A9E154-3722-4CFD-9FB1-9BAD2939A5C4}.Release|Any CPU.ActiveCfg = Release|Any CPU
		{34A9E154-3722-4CFD-9FB1-9BAD2939A5C4}.Release|Any CPU.Build.0 = Release|Any CPU
		{34A9E154-3722-4CFD-9FB1-9BAD2939A5C4}.Release|x86.ActiveCfg = Release|Any CPU
		{34A9E154-3722-4CFD-9FB1-9BAD2939A5C4}.Release|x86.Build.0 = Release|Any CPU
		{D51D3666-B149-4E12-9373-AF4D391130C5}.Build|Any CPU.ActiveCfg = Debug|Any CPU
		{D51D3666-B149-4E12-9373-AF4D391130C5}.Build|Any CPU.Build.0 = Debug|Any CPU
		{D51D3666-B149-4E12-9373-AF4D391130C5}.Build|x86.ActiveCfg = Debug|Any CPU
		{D51D3666-B149-4E12-9373-AF4D391130C5}.Build|x86.Build.0 = Debug|Any CPU
		{D51D3666-B149-4E12-9373-AF4D391130C5}.Debug|Any CPU.ActiveCfg = Debug|Any CPU
		{D51D3666-B149-4E12-9373-AF4D391130C5}.Debug|Any CPU.Build.0 = Debug|Any CPU
		{D51D3666-B149-4E12-9373-AF4D391130C5}.Debug|x86.ActiveCfg = Debug|Any CPU
		{D51D3666-B149-4E12-9373-AF4D391130C5}.Debug|x86.Build.0 = Debug|Any CPU
		{D51D3666-B149-4E12-9373-AF4D391130C5}.Release|Any CPU.ActiveCfg = Release|Any CPU
		{D51D3666-B149-4E12-9373-AF4D391130C5}.Release|Any CPU.Build.0 = Release|Any CPU
		{D51D3666-B149-4E12-9373-AF4D391130C5}.Release|x86.ActiveCfg = Release|Any CPU
		{D51D3666-B149-4E12-9373-AF4D391130C5}.Release|x86.Build.0 = Release|Any CPU
		{B7741281-47A0-45B7-8627-B05A3C771AEE}.Build|Any CPU.ActiveCfg = Debug|Any CPU
		{B7741281-47A0-45B7-8627-B05A3C771AEE}.Build|Any CPU.Build.0 = Debug|Any CPU
		{B7741281-47A0-45B7-8627-B05A3C771AEE}.Build|x86.ActiveCfg = Debug|Any CPU
		{B7741281-47A0-45B7-8627-B05A3C771AEE}.Build|x86.Build.0 = Debug|Any CPU
		{B7741281-47A0-45B7-8627-B05A3C771AEE}.Debug|Any CPU.ActiveCfg = Debug|Any CPU
		{B7741281-47A0-45B7-8627-B05A3C771AEE}.Debug|Any CPU.Build.0 = Debug|Any CPU
		{B7741281-47A0-45B7-8627-B05A3C771AEE}.Debug|x86.ActiveCfg = Debug|Any CPU
		{B7741281-47A0-45B7-8627-B05A3C771AEE}.Debug|x86.Build.0 = Debug|Any CPU
		{B7741281-47A0-45B7-8627-B05A3C771AEE}.Release|Any CPU.ActiveCfg = Release|Any CPU
		{B7741281-47A0-45B7-8627-B05A3C771AEE}.Release|Any CPU.Build.0 = Release|Any CPU
		{B7741281-47A0-45B7-8627-B05A3C771AEE}.Release|x86.ActiveCfg = Release|Any CPU
		{B7741281-47A0-45B7-8627-B05A3C771AEE}.Release|x86.Build.0 = Release|Any CPU
		{1FBC305D-9BC5-47B5-8D4F-275E1EC2C793}.Build|Any CPU.ActiveCfg = Debug|Any CPU
		{1FBC305D-9BC5-47B5-8D4F-275E1EC2C793}.Build|Any CPU.Build.0 = Debug|Any CPU
		{1FBC305D-9BC5-47B5-8D4F-275E1EC2C793}.Build|x86.ActiveCfg = Debug|Any CPU
		{1FBC305D-9BC5-47B5-8D4F-275E1EC2C793}.Build|x86.Build.0 = Debug|Any CPU
		{1FBC305D-9BC5-47B5-8D4F-275E1EC2C793}.Debug|Any CPU.ActiveCfg = Debug|Any CPU
		{1FBC305D-9BC5-47B5-8D4F-275E1EC2C793}.Debug|Any CPU.Build.0 = Debug|Any CPU
		{1FBC305D-9BC5-47B5-8D4F-275E1EC2C793}.Debug|x86.ActiveCfg = Debug|Any CPU
		{1FBC305D-9BC5-47B5-8D4F-275E1EC2C793}.Debug|x86.Build.0 = Debug|Any CPU
		{1FBC305D-9BC5-47B5-8D4F-275E1EC2C793}.Release|Any CPU.ActiveCfg = Release|Any CPU
		{1FBC305D-9BC5-47B5-8D4F-275E1EC2C793}.Release|Any CPU.Build.0 = Release|Any CPU
		{1FBC305D-9BC5-47B5-8D4F-275E1EC2C793}.Release|x86.ActiveCfg = Release|Any CPU
		{1FBC305D-9BC5-47B5-8D4F-275E1EC2C793}.Release|x86.Build.0 = Release|Any CPU
	EndGlobalSection
	GlobalSection(SolutionProperties) = preSolution
		HideSolutionNode = FALSE
	EndGlobalSection
	GlobalSection(NestedProjects) = preSolution
		{9C43DF17-78B4-454D-9A68-82CD7ED42FA7} = {B95EDEC2-E01E-4A9D-BB3B-A07E0AE2D7DA}
		{6EDF3F6D-9904-4E75-A6FA-74482CB3728E} = {B95EDEC2-E01E-4A9D-BB3B-A07E0AE2D7DA}
		{4FE204B3-E1AB-445D-9B34-0A6BC9A7EF0C} = {02EA681E-C7D8-13C7-8484-4AC65E1B71E8}
		{BB3C777C-F238-4BB8-BC27-D0C0E17B6338} = {02EA681E-C7D8-13C7-8484-4AC65E1B71E8}
		{34A9E154-3722-4CFD-9FB1-9BAD2939A5C4} = {B95EDEC2-E01E-4A9D-BB3B-A07E0AE2D7DA}
		{B7741281-47A0-45B7-8627-B05A3C771AEE} = {02EA681E-C7D8-13C7-8484-4AC65E1B71E8}
		{1FBC305D-9BC5-47B5-8D4F-275E1EC2C793} = {B95EDEC2-E01E-4A9D-BB3B-A07E0AE2D7DA}
	EndGlobalSection
	GlobalSection(ExtensibilityGlobals) = postSolution
		SolutionGuid = {eb5b63ee-f8b8-4d00-9e49-adfd13ec33bb}
	EndGlobalSection
EndGlobal
