
Microsoft Visual Studio Solution File, Format Version 12.00
# Visual Studio Version 17
VisualStudioVersion = 17.0.31903.59
MinimumVisualStudioVersion = 10.0.40219.1
Project("{FAE04EC0-301F-11D3-BF4B-00C04F79EFBC}") = "Csra", "..\..\Csra\Csra.csproj", "{7CB8E124-2B73-40D7-8576-8D20E02BF2B5}"
EndProject
Project("{FAE04EC0-301F-11D3-BF4B-00C04F79EFBC}") = "Tol", "..\..\Tol\Tol.csproj", "{7C99D4D1-C6A3-4446-B2CB-15926359E984}"
EndProject
Project("{FAE04EC0-301F-11D3-BF4B-00C04F79EFBC}") = "Demo_UT", "Demo_UT.csproj", "{93143D84-911D-472F-8857-D22D25297CC2}"
EndProject
Global
	GlobalSection(SolutionConfigurationPlatforms) = preSolution
		Debug|Any CPU = Debug|Any CPU
		Release|Any CPU = Release|Any CPU
	EndGlobalSection
	GlobalSection(SolutionProperties) = preSolution
		HideSolutionNode = FALSE
	EndGlobalSection
	GlobalSection(ProjectConfigurationPlatforms) = postSolution
		{7CB8E124-2B73-40D7-8576-8D20E02BF2B5}.Debug|Any CPU.ActiveCfg = Debug|Any CPU
		{7CB8E124-2B73-40D7-8576-8D20E02BF2B5}.Debug|Any CPU.Build.0 = Debug|Any CPU
		{7CB8E124-2B73-40D7-8576-8D20E02BF2B5}.Release|Any CPU.ActiveCfg = Release|Any CPU
		{7CB8E124-2B73-40D7-8576-8D20E02BF2B5}.Release|Any CPU.Build.0 = Release|Any CPU
		{7C99D4D1-C6A3-4446-B2CB-15926359E984}.Debug|Any CPU.ActiveCfg = Debug|Any CPU
		{7C99D4D1-C6A3-4446-B2CB-15926359E984}.Debug|Any CPU.Build.0 = Debug|Any CPU
		{7C99D4D1-C6A3-4446-B2CB-15926359E984}.Release|Any CPU.ActiveCfg = Release|Any CPU
		{7C99D4D1-C6A3-4446-B2CB-15926359E984}.Release|Any CPU.Build.0 = Release|Any CPU
		{93143D84-911D-472F-8857-D22D25297CC2}.Debug|Any CPU.ActiveCfg = Debug|Any CPU
		{93143D84-911D-472F-8857-D22D25297CC2}.Debug|Any CPU.Build.0 = Debug|Any CPU
		{93143D84-911D-472F-8857-D22D25297CC2}.Release|Any CPU.ActiveCfg = Release|Any CPU
		{93143D84-911D-472F-8857-D22D25297CC2}.Release|Any CPU.Build.0 = Release|Any CPU
	EndGlobalSection
EndGlobal
